<?xml version="1.0" encoding="utf-8"?>
<Project ToolsVersion="4.0" xmlns="http://schemas.microsoft.com/developer/msbuild/2003">
  <ItemGroup>
    <Filter Include="Source Files">
      <UniqueIdentifier>{4FC737F1-C7A5-4376-A066-2A32D752A2FF}</UniqueIdentifier>
      <Extensions>cpp;c;cc;cxx;def;odl;idl;hpj;bat;asm;asmx</Extensions>
    </Filter>
    <Filter Include="Header Files">
      <UniqueIdentifier>{93995380-89BD-4b04-88EB-625FBE52EBFB}</UniqueIdentifier>
      <Extensions>h;hpp;hxx;hm;inl;inc;xsd</Extensions>
    </Filter>
    <Filter Include="Resource Files">
      <UniqueIdentifier>{67DA6AB6-F800-4c08-8B7A-83BB121AAD01}</UniqueIdentifier>
      <Extensions>rc;ico;cur;bmp;dlg;rc2;rct;bin;rgs;gif;jpg;jpeg;jpe;resx;tiff;tif;png;wav;mfcribbon-ms</Extensions>
    </Filter>
  </ItemGroup>
  <ItemGroup>
    <ClCompile Include="BigTerrain.cpp">
      <Filter>Source Files</Filter>
    </ClCompile>
    <ClCompile Include="CBillboardGroupSceneNode.cpp">
      <Filter>Source Files</Filter>
    </ClCompile>
    <ClCompile Include="CConfigMap.cpp">
      <Filter>Source Files</Filter>
    </ClCompile>
    <ClCompile Include="CConfigReader.cpp">
      <Filter>Source Files</Filter>
    </ClCompile>
    <ClCompile Include="CGUITexturedSkin.cpp">
      <Filter>Source Files</Filter>
    </ClCompile>
    <ClCompile Include="CImageGUISkin.cpp">
      <Filter>Source Files</Filter>
    </ClCompile>
    <ClCompile Include="CObjectWire.cpp">
      <Filter>Source Files</Filter>
    </ClCompile>
    <ClCompile Include="competitors.cpp">
      <Filter>Source Files</Filter>
    </ClCompile>
    <ClCompile Include="CTreeGenerator.cpp">
      <Filter>Source Files</Filter>
    </ClCompile>
    <ClCompile Include="CTreeSceneNode.cpp">
      <Filter>Source Files</Filter>
    </ClCompile>
    <ClCompile Include="CustomDGRayCastCar.cpp">
      <Filter>Source Files</Filter>
    </ClCompile>
    <ClCompile Include="CustomMultiBodyVehicle.cpp">
      <Filter>Source Files</Filter>
    </ClCompile>
    <ClCompile Include="Dakar2011.cpp">
      <Filter>Source Files</Filter>
    </ClCompile>
    <ClCompile Include="dMathDefines.cpp">
      <Filter>Source Files</Filter>
    </ClCompile>
    <ClCompile Include="dMatrix.cpp">
      <Filter>Source Files</Filter>
    </ClCompile>
    <ClCompile Include="dQuaternion.cpp">
      <Filter>Source Files</Filter>
    </ClCompile>
    <ClCompile Include="editor.cpp">
      <Filter>Source Files</Filter>
    </ClCompile>
    <ClCompile Include="effects.cpp">
      <Filter>Source Files</Filter>
    </ClCompile>
    <ClCompile Include="error.cpp">
      <Filter>Source Files</Filter>
    </ClCompile>
    <ClCompile Include="eventreceiver_game.cpp">
      <Filter>Source Files</Filter>
    </ClCompile>
    <ClCompile Include="eventreceiver_menu.cpp">
      <Filter>Source Files</Filter>
    </ClCompile>
    <ClCompile Include="fonts.cpp">
      <Filter>Source Files</Filter>
    </ClCompile>
    <ClCompile Include="gameplay.cpp">
      <Filter>Source Files</Filter>
    </ClCompile>
    <ClCompile Include="IrrCg.cpp">
      <Filter>Source Files</Filter>
    </ClCompile>
    <ClCompile Include="IrrCgMaterial.cpp">
      <Filter>Source Files</Filter>
    </ClCompile>
    <ClCompile Include="IrrCgSceneNode.cpp">
      <Filter>Source Files</Filter>
    </ClCompile>
    <ClCompile Include="itiner_hud.cpp">
      <Filter>Source Files</Filter>
    </ClCompile>
    <ClCompile Include="MapReaderThread.cpp">
      <Filter>Source Files</Filter>
    </ClCompile>
    <ClCompile Include="Materials.cpp">
      <Filter>Source Files</Filter>
    </ClCompile>
    <ClCompile Include="message.cpp">
      <Filter>Source Files</Filter>
    </ClCompile>
    <ClCompile Include="multiplayer.cpp">
      <Filter>Source Files</Filter>
    </ClCompile>
    <ClCompile Include="my_shaders.cpp">
      <Filter>Source Files</Filter>
    </ClCompile>
    <ClCompile Include="my_shaders2.cpp">
      <Filter>Source Files</Filter>
    </ClCompile>
    <ClCompile Include="my_shaders3.cpp">
      <Filter>Source Files</Filter>
    </ClCompile>
    <ClCompile Include="MyRoad.cpp">
      <Filter>Source Files</Filter>
    </ClCompile>
    <ClCompile Include="mySound.cpp">
      <Filter>Source Files</Filter>
    </ClCompile>
    <ClCompile Include="MyThread.cpp">
      <Filter>Source Files</Filter>
    </ClCompile>
    <ClCompile Include="NewtonCustomJoint.cpp">
      <Filter>Source Files</Filter>
    </ClCompile>
    <ClCompile Include="NewtonRaceCar.cpp">
      <Filter>Source Files</Filter>
    </ClCompile>
    <ClCompile Include="OffsetManager.cpp">
      <Filter>Source Files</Filter>
    </ClCompile>
    <ClCompile Include="pools.cpp">
      <Filter>Source Files</Filter>
    </ClCompile>
    <ClCompile Include="RaceEngine.cpp">
      <Filter>Source Files</Filter>
    </ClCompile>
    <ClCompile Include="settings.cpp">
      <Filter>Source Files</Filter>
    </ClCompile>
    <ClCompile Include="SkinLoader.cpp">
      <Filter>Source Files</Filter>
    </ClCompile>
    <ClCompile Include="SmallTerrain.cpp">
      <Filter>Source Files</Filter>
    </ClCompile>
    <ClCompile Include="TerrainPool.cpp">
      <Filter>Source Files</Filter>
    </ClCompile>
    <ClCompile Include="VehiclePool.cpp">
      <Filter>Source Files</Filter>
    </ClCompile>
    <ClCompile Include="wrappers.cpp">
      <Filter>Source Files</Filter>
    </ClCompile>
  </ItemGroup>
  <ItemGroup>
    <ClInclude Include="BigTerrain.h">
      <Filter>Source Files</Filter>
    </ClInclude>
    <ClInclude Include="CBillboardGroupSceneNode.h">
      <Filter>Source Files</Filter>
    </ClInclude>
    <ClInclude Include="CConfigMap.h">
      <Filter>Source Files</Filter>
    </ClInclude>
    <ClInclude Include="CConfigReader.h">
      <Filter>Source Files</Filter>
    </ClInclude>
    <ClInclude Include="CGUITexturedSkin.h">
      <Filter>Source Files</Filter>
    </ClInclude>
    <ClInclude Include="CImageGUISkin.h">
      <Filter>Source Files</Filter>
    </ClInclude>
    <ClInclude Include="clipRects.h">
      <Filter>Source Files</Filter>
    </ClInclude>
    <ClInclude Include="CObjectWire.h">
      <Filter>Source Files</Filter>
    </ClInclude>
    <ClInclude Include="competitors.h">
      <Filter>Source Files</Filter>
    </ClInclude>
    <ClInclude Include="CQuad.h">
      <Filter>Source Files</Filter>
    </ClInclude>
    <ClInclude Include="CScreenQuad.h">
      <Filter>Source Files</Filter>
    </ClInclude>
    <ClInclude Include="CTreeGenerator.h">
      <Filter>Source Files</Filter>
    </ClInclude>
    <ClInclude Include="CTreeSceneNode.h">
      <Filter>Source Files</Filter>
    </ClInclude>
    <ClInclude Include="CustomDGRayCastCar.h">
      <Filter>Source Files</Filter>
    </ClInclude>
    <ClInclude Include="CustomJointLibraryStdAfx.h">
      <Filter>Source Files</Filter>
    </ClInclude>
    <ClInclude Include="CustomMultiBodyVehicle.h">
      <Filter>Source Files</Filter>
    </ClInclude>
    <ClInclude Include="dMathDefines.h">
      <Filter>Source Files</Filter>
    </ClInclude>
    <ClInclude Include="dMatrix.h">
      <Filter>Source Files</Filter>
    </ClInclude>
    <ClInclude Include="dQuaternion.h">
      <Filter>Source Files</Filter>
    </ClInclude>
    <ClInclude Include="dVector.h">
      <Filter>Source Files</Filter>
    </ClInclude>
    <ClInclude Include="editor.h">
      <Filter>Source Files</Filter>
    </ClInclude>
    <ClInclude Include="effects.h">
      <Filter>Source Files</Filter>
    </ClInclude>
    <ClInclude Include="error.h">
      <Filter>Source Files</Filter>
    </ClInclude>
    <ClInclude Include="eventreceiver.h">
      <Filter>Source Files</Filter>
    </ClInclude>
    <ClInclude Include="eventreceiver_dummy.h">
      <Filter>Source Files</Filter>
    </ClInclude>
    <ClInclude Include="eventreceiver_game.h">
      <Filter>Source Files</Filter>
    </ClInclude>
    <ClInclude Include="eventreceiver_menu.h">
      <Filter>Source Files</Filter>
    </ClInclude>
    <ClInclude Include="fonts.h">
      <Filter>Source Files</Filter>
    </ClInclude>
    <ClInclude Include="gameplay.h">
      <Filter>Source Files</Filter>
    </ClInclude>
    <ClInclude Include="IrrCg.h">
      <Filter>Source Files</Filter>
    </ClInclude>
    <ClInclude Include="IrrCgExtensionHandler.h">
      <Filter>Source Files</Filter>
    </ClInclude>
    <ClInclude Include="IrrCgMaterial.h">
      <Filter>Source Files</Filter>
    </ClInclude>
    <ClInclude Include="IrrCgSceneNode.h">
      <Filter>Source Files</Filter>
    </ClInclude>
    <ClInclude Include="itiner_hud.h">
      <Filter>Source Files</Filter>
    </ClInclude>
    <ClInclude Include="linux_includes.h">
      <Filter>Source Files</Filter>
    </ClInclude>
    <ClInclude Include="MapReaderThread.h">
      <Filter>Source Files</Filter>
    </ClInclude>
    <ClInclude Include="Materials.h">
      <Filter>Source Files</Filter>
    </ClInclude>
    <ClInclude Include="message.h">
      <Filter>Source Files</Filter>
    </ClInclude>
    <ClInclude Include="multiplayer.h">
      <Filter>Source Files</Filter>
    </ClInclude>
    <ClInclude Include="my_shaders.h">
      <Filter>Source Files</Filter>
    </ClInclude>
    <ClInclude Include="MyList.h">
      <Filter>Source Files</Filter>
    </ClInclude>
    <ClInclude Include="MyLock.h">
      <Filter>Source Files</Filter>
    </ClInclude>
    <ClInclude Include="MyRoad.h">
      <Filter>Source Files</Filter>
    </ClInclude>
    <ClInclude Include="mySound.h">
      <Filter>Source Files</Filter>
    </ClInclude>
    <ClInclude Include="MyThread.h">
      <Filter>Source Files</Filter>
    </ClInclude>
    <ClInclude Include="NewtonCustomJoint.h">
      <Filter>Source Files</Filter>
    </ClInclude>
    <ClInclude Include="NewtonRaceCar.h">
      <Filter>Source Files</Filter>
    </ClInclude>
    <ClInclude Include="OffsetManager.h">
      <Filter>Source Files</Filter>
    </ClInclude>
    <ClInclude Include="pools.h">
      <Filter>Source Files</Filter>
    </ClInclude>
    <ClInclude Include="RaceEngine.h">
      <Filter>Source Files</Filter>
    </ClInclude>
    <ClInclude Include="settings.h">
      <Filter>Source Files</Filter>
    </ClInclude>
    <ClInclude Include="SkinLoader.h">
      <Filter>Source Files</Filter>
    </ClInclude>
    <ClInclude Include="SmallTerrain.h">
      <Filter>Source Files</Filter>
    </ClInclude>
    <ClInclude Include="STreeMesh.h">
      <Filter>Source Files</Filter>
    </ClInclude>
    <ClInclude Include="TerrainPool.h">
      <Filter>Source Files</Filter>
    </ClInclude>
    <ClInclude Include="VehiclePool.h">
      <Filter>Source Files</Filter>
    </ClInclude>
    <ClInclude Include="wrappers.h">
      <Filter>Source Files</Filter>
    </ClInclude>
  </ItemGroup>
  <ItemGroup>
    <ResourceCompile Include="Dakar2011.rc">
      <Filter>Resource Files</Filter>
    </ResourceCompile>
  </ItemGroup>
</Project>